
Microsoft Visual Studio Solution File, Format Version 12.00
# Visual Studio Version 16
VisualStudioVersion = 16.0.32413.511
MinimumVisualStudioVersion = 10.0.40219.1
Project("{9A19103F-16F7-4668-BE54-9A1E7A4F7556}") = "Laborator 12 - Exercitiu", "Laborator 12 - Exercitiu\Laborator 12 - Exercitiu.csproj", "{B5CAE134-0590-4C8B-8793-4E4F80733F30}"
EndProject
Project("{FAE04EC0-301F-11D3-BF4B-00C04F79EFBC}") = "Laborator 12 - ExercitiuTests1", "Laborator 12 - ExercitiuTests1\Laborator 12 - ExercitiuTests1.csproj", "{A0DE3191-184C-4A9E-BFEA-794ADC5BC325}"
EndProject
Global
	GlobalSection(SolutionConfigurationPlatforms) = preSolution
		Debug|Any CPU = Debug|Any CPU
		Release|Any CPU = Release|Any CPU
	EndGlobalSection
	GlobalSection(ProjectConfigurationPlatforms) = postSolution
		{B5CAE134-0590-4C8B-8793-4E4F80733F30}.Debug|Any CPU.ActiveCfg = Debug|Any CPU
		{B5CAE134-0590-4C8B-8793-4E4F80733F30}.Debug|Any CPU.Build.0 = Debug|Any CPU
		{B5CAE134-0590-4C8B-8793-4E4F80733F30}.Release|Any CPU.ActiveCfg = Release|Any CPU
		{B5CAE134-0590-4C8B-8793-4E4F80733F30}.Release|Any CPU.Build.0 = Release|Any CPU
		{A0DE3191-184C-4A9E-BFEA-794ADC5BC325}.Debug|Any CPU.ActiveCfg = Debug|Any CPU
		{A0DE3191-184C-4A9E-BFEA-794ADC5BC325}.Debug|Any CPU.Build.0 = Debug|Any CPU
		{A0DE3191-184C-4A9E-BFEA-794ADC5BC325}.Release|Any CPU.ActiveCfg = Release|Any CPU
		{A0DE3191-184C-4A9E-BFEA-794ADC5BC325}.Release|Any CPU.Build.0 = Release|Any CPU
	EndGlobalSection
	GlobalSection(SolutionProperties) = preSolution
		HideSolutionNode = FALSE
	EndGlobalSection
	GlobalSection(ExtensibilityGlobals) = postSolution
		SolutionGuid = {8BD4114A-128A-4546-8468-F563133E6264}
	EndGlobalSection
EndGlobal
